
Microsoft Visual Studio Solution File, Format Version 12.00
Project("{FAE04EC0-301F-11D3-BF4B-00C04F79EFBC}") = "Day 15 Linked List", "Day 15 Linked List\Day 15 Linked List.csproj", "{88780B92-7DF5-4589-A1BD-1DF0182ED8CC}"
EndProject
Project("{FAE04EC0-301F-11D3-BF4B-00C04F79EFBC}") = "Day 18 Queues and Stacks", "Day 18 Queues and Stacks\Day 18 Queues and Stacks.csproj", "{247043D5-69D2-4822-AA3B-42FE8BE8128E}"
EndProject
Global
	GlobalSection(SolutionConfigurationPlatforms) = preSolution
		Debug|Any CPU = Debug|Any CPU
		Release|Any CPU = Release|Any CPU
	EndGlobalSection
	GlobalSection(ProjectConfigurationPlatforms) = postSolution
		{88780B92-7DF5-4589-A1BD-1DF0182ED8CC}.Debug|Any CPU.ActiveCfg = Debug|Any CPU
		{88780B92-7DF5-4589-A1BD-1DF0182ED8CC}.Debug|Any CPU.Build.0 = Debug|Any CPU
		{88780B92-7DF5-4589-A1BD-1DF0182ED8CC}.Release|Any CPU.ActiveCfg = Release|Any CPU
		{88780B92-7DF5-4589-A1BD-1DF0182ED8CC}.Release|Any CPU.Build.0 = Release|Any CPU
		{247043D5-69D2-4822-AA3B-42FE8BE8128E}.Debug|Any CPU.ActiveCfg = Debug|Any CPU
		{247043D5-69D2-4822-AA3B-42FE8BE8128E}.Debug|Any CPU.Build.0 = Debug|Any CPU
		{247043D5-69D2-4822-AA3B-42FE8BE8128E}.Release|Any CPU.ActiveCfg = Release|Any CPU
		{247043D5-69D2-4822-AA3B-42FE8BE8128E}.Release|Any CPU.Build.0 = Release|Any CPU
	EndGlobalSection
EndGlobal
